
Microsoft Visual Studio Solution File, Format Version 12.00
# Visual Studio Version 17
VisualStudioVersion = 17.5.33414.496
MinimumVisualStudioVersion = 10.0.40219.1
Project("{FAE04EC0-301F-11D3-BF4B-00C04F79EFBC}") = "NowSaiGon", "NowSaiGon\NowSaiGon.csproj", "{EC2FB741-8F93-4F61-8C2E-FF69D280CB6A}"
EndProject
Global
	GlobalSection(SolutionConfigurationPlatforms) = preSolution
		Debug|Any CPU = Debug|Any CPU
		Release|Any CPU = Release|Any CPU
	EndGlobalSection
	GlobalSection(ProjectConfigurationPlatforms) = postSolution
		{EC2FB741-8F93-4F61-8C2E-FF69D280CB6A}.Debug|Any CPU.ActiveCfg = Debug|Any CPU
		{EC2FB741-8F93-4F61-8C2E-FF69D280CB6A}.Debug|Any CPU.Build.0 = Debug|Any CPU
		{EC2FB741-8F93-4F61-8C2E-FF69D280CB6A}.Release|Any CPU.ActiveCfg = Release|Any CPU
		{EC2FB741-8F93-4F61-8C2E-FF69D280CB6A}.Release|Any CPU.Build.0 = Release|Any CPU
	EndGlobalSection
	GlobalSection(SolutionProperties) = preSolution
		HideSolutionNode = FALSE
	EndGlobalSection
	GlobalSection(ExtensibilityGlobals) = postSolution
		SolutionGuid = {8437685C-E15B-40D8-963C-68F3966C2436}
	EndGlobalSection
EndGlobal
